---
lockfileVersion: '9.0'

importers:

  .:
    configDependencies: {}
    packageManagerDependencies:
      '@pnpm/exe':
        specifier: 11.22.0
        version: 11.22.0
      pnpm:
        specifier: 11.22.0
        version: 11.22.0

packages:

  '@pnpm/exe@11.22.0':
    resolution: {integrity: sha512-B1SGeKm+v9pX9YkzMmrnO2FbgBd8TDwzZ3jSj6J6ThxdyGvI4TsOfMeHARW4Wb25visPpmMDfIXrU76EZdJM4g==}
    hasBin: true

  '@pnpm/linux-arm64@11.22.0':
    resolution: {integrity: sha512-xzzn3jYG9QaiFZPaHcWM3yX4Fm9UGz5E42mzpbvUEvXYf5O9fwNolenOhGLpRl2qS5u35fjZSvDZbWlOwHMcug==}
    cpu: [arm64]
    os: [linux]

  '@pnpm/linux-x64@11.22.0':
    resolution: {integrity: sha512-isvaPctGinbsM2hsTtRsMarN8Sr5QhXDTNmn8Xv9Lp1PjincCvH2RBbhpo+xYIOxzgls1dtQSdgoORUbfRVALQ==}
    cpu: [x64]
    os: [linux]

  '@pnpm/linuxstatic-arm64@11.22.0':
    resolution: {integrity: sha512-i4J+AQWW0T3JBdXaLsvxu8ZmMG1HLS6JZQESdOR9uBv8Zumb4yg8GYT83eWRLacr6ngVdhEBiC3W4eOG64MFbA==}
    cpu: [arm64]
    os: [linux]
    libc: [musl]

  '@pnpm/linuxstatic-x64@11.22.0':
    resolution: {integrity: sha512-QYzk8jhSuSbVthW/OxEOhU3f3zhjpw4HqgedrlwbVNb7btCWn5del2Hb5PsYYka2PbmKq5EtF5IzYN8Yp1CfxQ==}
    cpu: [x64]
    os: [linux]
    libc: [musl]

  '@pnpm/macos-arm64@11.22.0':
    resolution: {integrity: sha512-Io8Axk5kutPgMuAfOg1QGj3J0/KpLvH5iiPcmp7up8D4q7BNWT02ndQo3RyGWqrlkf5nwspM41GFpWTShrZ4Aw==}
    cpu: [arm64]
    os: [darwin]

  '@pnpm/win-arm64@11.22.0':
    resolution: {integrity: sha512-QgaRuKGQKov7xW2utPCgDT83fn/PU5cD6HFgib48oTslz7wv26E89d4jMCxL4GRmEL2YCfkYuj5ITj1oVWg5WQ==}
    cpu: [arm64]
    os: [win32]

  '@pnpm/win-x64@11.22.0':
    resolution: {integrity: sha512-iWYsiSwpgxqur+TwsnSoPdOQaEfd4ygB84mb5tJUOgim6PHr1xhKJBndaQzH+At/WkLxLdYN+K8dYc4M7naezg==}
    cpu: [x64]
    os: [win32]

  '@reflink/reflink-darwin-arm64@0.1.19':
    resolution: {integrity: sha512-ruy44Lpepdk1FqDz38vExBY/PVUsjxZA+chd9wozjUH9JjuDT/HEaQYA6wYN9mf041l0yLVar6BCZuWABJvHSA==}
    engines: {node: '>= 10'}
    cpu: [arm64]
    os: [darwin]

  '@reflink/reflink-darwin-x64@0.1.19':
    resolution: {integrity: sha512-By85MSWrMZa+c26TcnAy8SDk0sTUkYlNnwknSchkhHpGXOtjNDUOxJE9oByBnGbeuIE1PiQsxDG3Ud+IVV9yuA==}
    engines: {node: '>= 10'}
    cpu: [x64]
    os: [darwin]

  '@reflink/reflink-linux-arm64-gnu@0.1.19':
    resolution: {integrity: sha512-7P+er8+rP9iNeN+bfmccM4hTAaLP6PQJPKWSA4iSk2bNvo6KU6RyPgYeHxXmzNKzPVRcypZQTpFgstHam6maVg==}
    engines: {node: '>= 10'}
    cpu: [arm64]
    os: [linux]
    libc: [glibc]

  '@reflink/reflink-linux-arm64-musl@0.1.19':
    resolution: {integrity: sha512-37iO/Dp6m5DDaC2sf3zPtx/hl9FV3Xze4xoYidrxxS9bgP3S8ALroxRK6xBG/1TtfXKTvolvp+IjrUU6ujIGmA==}
    engines: {node: '>= 10'}
    cpu: [arm64]
    os: [linux]
    libc: [musl]

  '@reflink/reflink-linux-x64-gnu@0.1.19':
    resolution: {integrity: sha512-jbI8jvuYCaA3MVUdu8vLoLAFqC+iNMpiSuLbxlAgg7x3K5bsS8nOpTRnkLF7vISJ+rVR8W+7ThXlXlUQ93ulkw==}
    engines: {node: '>= 10'}
    cpu: [x64]
    os: [linux]
    libc: [glibc]

  '@reflink/reflink-linux-x64-musl@0.1.19':
    resolution: {integrity: sha512-e9FBWDe+lv7QKAwtKOt6A2W/fyy/aEEfr0g6j/hWzvQcrzHCsz07BNQYlNOjTfeytrtLU7k449H1PI95jA4OjQ==}
    engines: {node: '>= 10'}
    cpu: [x64]
    os: [linux]
    libc: [musl]

  '@reflink/reflink-win32-arm64-msvc@0.1.19':
    resolution: {integrity: sha512-09PxnVIQcd+UOn4WAW73WU6PXL7DwGS6wPlkMhMg2zlHHG65F3vHepOw06HFCq+N42qkaNAc8AKIabWvtk6cIQ==}
    engines: {node: '>= 10'}
    cpu: [arm64]
    os: [win32]

  '@reflink/reflink-win32-x64-msvc@0.1.19':
    resolution: {integrity: sha512-E//yT4ni2SyhwP8JRjVGWr3cbnhWDiPLgnQ66qqaanjjnMiu3O/2tjCPQXlcGc/DEYofpDc9fvhv6tALQsMV9w==}
    engines: {node: '>= 10'}
    cpu: [x64]
    os: [win32]

  '@reflink/reflink@0.1.19':
    resolution: {integrity: sha512-DmCG8GzysnCZ15bres3N5AHCmwBwYgp0As6xjhQ47rAUTUXxJiK+lLUxaGsX3hd/30qUpVElh05PbGuxRPgJwA==}
    engines: {node: '>= 10'}

  detect-libc@2.1.2:
    resolution: {integrity: sha512-Btj2BOOO83o3WyH59e8MgXsxEQVcarkUOpEYrubB0urwnN10yQ364rsiByU11nZlqWYZm05i/of7io4mzihBtQ==}
    engines: {node: '>=8'}

  pnpm@11.22.0:
    resolution: {integrity: sha512-H/hwxMYTPf2I+yr8Rt0T1H8JyXlLQ4xv20fKmMrzvBY4HuC+k6CRuOOCTPAfiJ9G19niCRD7C+GrD7W6qA3WIQ==}
    engines: {node: '>=22.13'}
    hasBin: true

snapshots:

  '@pnpm/exe@11.22.0':
    dependencies:
      '@reflink/reflink': 0.1.19
      detect-libc: 2.1.2
    optionalDependencies:
      '@pnpm/linux-arm64': 11.22.0
      '@pnpm/linux-x64': 11.22.0
      '@pnpm/linuxstatic-arm64': 11.22.0
      '@pnpm/linuxstatic-x64': 11.22.0
      '@pnpm/macos-arm64': 11.22.0
      '@pnpm/win-arm64': 11.22.0
      '@pnpm/win-x64': 11.22.0

  '@pnpm/linux-arm64@11.22.0':
    optional: true

  '@pnpm/linux-x64@11.22.0':
    optional: true

  '@pnpm/linuxstatic-arm64@11.22.0':
    optional: true

  '@pnpm/linuxstatic-x64@11.22.0':
    optional: true

  '@pnpm/macos-arm64@11.22.0':
    optional: true

  '@pnpm/win-arm64@11.22.0':
    optional: true

  '@pnpm/win-x64@11.22.0':
    optional: true

  '@reflink/reflink-darwin-arm64@0.1.19':
    optional: true

  '@reflink/reflink-darwin-x64@0.1.19':
    optional: true

  '@reflink/reflink-linux-arm64-gnu@0.1.19':
    optional: true

  '@reflink/reflink-linux-arm64-musl@0.1.19':
    optional: true

  '@reflink/reflink-linux-x64-gnu@0.1.19':
    optional: true

  '@reflink/reflink-linux-x64-musl@0.1.19':
    optional: true

  '@reflink/reflink-win32-arm64-msvc@0.1.19':
    optional: true

  '@reflink/reflink-win32-x64-msvc@0.1.19':
    optional: true

  '@reflink/reflink@0.1.19':
    optionalDependencies:
      '@reflink/reflink-darwin-arm64': 0.1.19
      '@reflink/reflink-darwin-x64': 0.1.19
      '@reflink/reflink-linux-arm64-gnu': 0.1.19
      '@reflink/reflink-linux-arm64-musl': 0.1.19
      '@reflink/reflink-linux-x64-gnu': 0.1.19
      '@reflink/reflink-linux-x64-musl': 0.1.19
      '@reflink/reflink-win32-arm64-msvc': 0.1.19
      '@reflink/reflink-win32-x64-msvc': 0.1.19

  detect-libc@2.1.2: {}

  pnpm@11.22.0: {}

---
lockfileVersion: '9.0'

settings:
  autoInstallPeers: true
  excludeLinksFromLockfile: false

importers:

  .:
    devDependencies:
      sass:
        specifier: ^1.103.0
        version: 1.103.0

packages:

  '@parcel/watcher-android-arm64@2.6.0':
    resolution: {integrity: sha512-trgpLSCKRC/huFjXX/Smh+0sWe4+YtKfktIToiMl59ghz7z+qkH6kMvNnUbLyRs9N11t8l4svSCs1+5B3rOAhA==}
    engines: {node: '>= 10.0.0'}
    cpu: [arm64]
    os: [android]

  '@parcel/watcher-darwin-arm64@2.6.0':
    resolution: {integrity: sha512-Y3QV0gl7Q1zbfueunkWIERICbEojQFCgpyG7YqOGNFLsckXyI1xu9mAIUpKY9QBYzBtSkN8dBPwd3yiAO9ovMw==}
    engines: {node: '>= 10.0.0'}
    cpu: [arm64]
    os: [darwin]

  '@parcel/watcher-darwin-x64@2.6.0':
    resolution: {integrity: sha512-Ohv6OpzhUfKYD7Beb8kDvG0jbIxORCYY1JRdZnaBtnjjkJxgD7ZVL0nw2sCYd0yTMKTvz3nnTnOF3cDifK+kvw==}
    engines: {node: '>= 10.0.0'}
    cpu: [x64]
    os: [darwin]

  '@parcel/watcher-freebsd-x64@2.6.0':
    resolution: {integrity: sha512-5HmXvDgs8VK+74jF9y9/2FE3/OnlcKmc56tjmSrEuZjpSZOGL+fvAu+HKJBdPs9uwoP2hE6TlSUpXZ/C5jUFmQ==}
    engines: {node: '>= 10.0.0'}
    cpu: [x64]
    os: [freebsd]

  '@parcel/watcher-linux-arm-glibc@2.6.0':
    resolution: {integrity: sha512-Ps/hui3A+vMbjdqlqAowK2ZL8+BO8dBjxeWXj6npTBs3jx4wWmbPpaLuqwrQrSqIVMCnpWo238bJ1U37GhQOYg==}
    engines: {node: '>= 10.0.0'}
    cpu: [arm]
    os: [linux]
    libc: [glibc]

  '@parcel/watcher-linux-arm-musl@2.6.0':
    resolution: {integrity: sha512-9c6AUHgHoG+IY88MRIHupztQiQnrbqHYQjkM2btA+Bf/wQnQMuiD0Wfk1EVv3TlNT3x41uU71rn6E4xh/+zvkw==}
    engines: {node: '>= 10.0.0'}
    cpu: [arm]
    os: [linux]
    libc: [musl]

  '@parcel/watcher-linux-arm64-glibc@2.6.0':
    resolution: {integrity: sha512-yHRqS2owEXe6Hic9z6Mh1ECsCd+ODVOGvZDyciqRd21+v+o+DnXMOrw50DSpIG2sb8GPEaPPmfeCAWKPJdq46g==}
    engines: {node: '>= 10.0.0'}
    cpu: [arm64]
    os: [linux]
    libc: [glibc]

  '@parcel/watcher-linux-arm64-musl@2.6.0':
    resolution: {integrity: sha512-WhB2e/V7rqdHHWZusBSPuy5Ei8S6lSz6FE5TKKQz5h3a0O+C+mhY7vxU9b/stqvMb8beLnPY82ZrFTLKs+SrKA==}
    engines: {node: '>= 10.0.0'}
    cpu: [arm64]
    os: [linux]
    libc: [musl]

  '@parcel/watcher-linux-x64-glibc@2.6.0':
    resolution: {integrity: sha512-ulGE6x6Oz6iAwg75T8YQSoguBWasniIbX+QWpaYPcCnDOpdWX3k+4xbEYPZVLxOuoJI+svJJPD3sEj8G7lrQ3A==}
    engines: {node: '>= 10.0.0'}
    cpu: [x64]
    os: [linux]
    libc: [glibc]

  '@parcel/watcher-linux-x64-musl@2.6.0':
    resolution: {integrity: sha512-tkBYKt7YQrjIJWYDnto2YgO8MRkjlMTSNoRHzsXinBqbLdeOM3L32wPZJvIZxqaLMfSlS/4sUjH/6STVP/XDLw==}
    engines: {node: '>= 10.0.0'}
    cpu: [x64]
    os: [linux]
    libc: [musl]

  '@parcel/watcher-win32-arm64@2.6.0':
    resolution: {integrity: sha512-gIZAP23jaHjGWasY/TY6yL7NHFClf0Ga7FN+iINvk+KN94rhm94lYZhFsbYFNcA04/onvGD9kKmiJLJB2HbNwQ==}
    engines: {node: '>= 10.0.0'}
    cpu: [arm64]
    os: [win32]

  '@parcel/watcher-win32-x64@2.6.0':
    resolution: {integrity: sha512-cA+/pXV2YkfxlIcXOQ5fSWqAzzPyD78/x5qbK/I0vUkrlYHA8TIz+MXjAbGouguKVSI4bOmkTSJ1/poVSsgt+A==}
    engines: {node: '>= 10.0.0'}
    cpu: [x64]
    os: [win32]

  '@parcel/watcher@2.6.0':
    resolution: {integrity: sha512-7FNeNl8NCE7aINx7WXiKQrPYZWC/hvrTsmk6zmxbI7LTXE7hVek/n8AfVgpe2y82zl3w0HvCHN0bVKMBoJcC0w==}
    engines: {node: '>= 10.0.0'}

  chokidar@5.0.0:
    resolution: {integrity: sha512-TQMmc3w+5AxjpL8iIiwebF73dRDF4fBIieAqGn9RGCWaEVwQ6Fb2cGe31Yns0RRIzii5goJ1Y7xbMwo1TxMplw==}
    engines: {node: '>= 20.19.0'}

  detect-libc@2.1.2:
    resolution: {integrity: sha512-Btj2BOOO83o3WyH59e8MgXsxEQVcarkUOpEYrubB0urwnN10yQ364rsiByU11nZlqWYZm05i/of7io4mzihBtQ==}
    engines: {node: '>=8'}

  immutable@5.1.9:
    resolution: {integrity: sha512-m8nVez3rwrgmWxtLMt1ZYXB2Lv7OKYn/disyxAlSDYAlKSlFoPPfIAmAM/M5xqL4m4C/wAPw7S2/CNaUii1Hxg==}

  is-extglob@2.1.1:
    resolution: {integrity: sha512-SbKbANkN603Vi4jEZv49LeVJMn4yGwsbzZworEoyEiutsN3nJYdbO36zfhGJ6QEDpOZIFkDtnq5JRxmvl3jsoQ==}
    engines: {node: '>=0.10.0'}

  is-glob@4.0.3:
    resolution: {integrity: sha512-xelSayHH36ZgE7ZWhli7pW34hNbNl8Ojv5KVmkJD4hBdD3th8Tfk9vYasLM+mXWOZhFkgZfxhLSnrwRr4elSSg==}
    engines: {node: '>=0.10.0'}

  node-addon-api@7.1.1:
    resolution: {integrity: sha512-5m3bsyrjFWE1xf7nz7YXdN4udnVtXK6/Yfgn5qnahL6bCkf2yKt4k3nuTKAtT4r3IG8JNR2ncsIMdZuAzJjHQQ==}

  picomatch@4.0.5:
    resolution: {integrity: sha512-RvwwcruNjI1ncT5xRakeyS9Lf8lcItv34KD+aif+VH9kduAyfYBipGh12274xtenIPZ119/R9BdTBa8gAwSh0A==}
    engines: {node: '>=12'}

  readdirp@5.1.1:
    resolution: {integrity: sha512-Kko+Y5XQ6fM+Ce3dq3m9YGxnacYZYl9cA1wZjaF3Vbry2L3i1qVg8+CAgNPsXRArPMUMCaOR7oa9Nqntc43JKA==}
    engines: {node: '>= 20.19.0'}

  sass@1.103.0:
    resolution: {integrity: sha512-+QpdXUDw19lVqRDlYIyje1Lq/0gHsnNHIl4x1CqeUg13zRhaQN11UvTvouwHWLXc9Q3rQVT6oBhFGRYJ5Z8gHw==}
    engines: {node: '>=20.19.0'}
    hasBin: true

  source-map-js@1.2.1:
    resolution: {integrity: sha512-UXWMKhLOwVKb728IUtQPXxfYU+usdybtUrK/8uGE8CQMvrhOpwvzDBwj0QhSL7MQc7vIsISBG8VQ8+IDQxpfQA==}
    engines: {node: '>=0.10.0'}

snapshots:

  '@parcel/watcher-android-arm64@2.6.0':
    optional: true

  '@parcel/watcher-darwin-arm64@2.6.0':
    optional: true

  '@parcel/watcher-darwin-x64@2.6.0':
    optional: true

  '@parcel/watcher-freebsd-x64@2.6.0':
    optional: true

  '@parcel/watcher-linux-arm-glibc@2.6.0':
    optional: true

  '@parcel/watcher-linux-arm-musl@2.6.0':
    optional: true

  '@parcel/watcher-linux-arm64-glibc@2.6.0':
    optional: true

  '@parcel/watcher-linux-arm64-musl@2.6.0':
    optional: true

  '@parcel/watcher-linux-x64-glibc@2.6.0':
    optional: true

  '@parcel/watcher-linux-x64-musl@2.6.0':
    optional: true

  '@parcel/watcher-win32-arm64@2.6.0':
    optional: true

  '@parcel/watcher-win32-x64@2.6.0':
    optional: true

  '@parcel/watcher@2.6.0':
    dependencies:
      detect-libc: 2.1.2
      is-glob: 4.0.3
      node-addon-api: 7.1.1
      picomatch: 4.0.5
    optionalDependencies:
      '@parcel/watcher-android-arm64': 2.6.0
      '@parcel/watcher-darwin-arm64': 2.6.0
      '@parcel/watcher-darwin-x64': 2.6.0
      '@parcel/watcher-freebsd-x64': 2.6.0
      '@parcel/watcher-linux-arm-glibc': 2.6.0
      '@parcel/watcher-linux-arm-musl': 2.6.0
      '@parcel/watcher-linux-arm64-glibc': 2.6.0
      '@parcel/watcher-linux-arm64-musl': 2.6.0
      '@parcel/watcher-linux-x64-glibc': 2.6.0
      '@parcel/watcher-linux-x64-musl': 2.6.0
      '@parcel/watcher-win32-arm64': 2.6.0
      '@parcel/watcher-win32-x64': 2.6.0
    optional: true

  chokidar@5.0.0:
    dependencies:
      readdirp: 5.1.1

  detect-libc@2.1.2:
    optional: true

  immutable@5.1.9: {}

  is-extglob@2.1.1:
    optional: true

  is-glob@4.0.3:
    dependencies:
      is-extglob: 2.1.1
    optional: true

  node-addon-api@7.1.1:
    optional: true

  picomatch@4.0.5:
    optional: true

  readdirp@5.1.1: {}

  sass@1.103.0:
    dependencies:
      chokidar: 5.0.0
      immutable: 5.1.9
      source-map-js: 1.2.1
    optionalDependencies:
      '@parcel/watcher': 2.6.0

  source-map-js@1.2.1: {}
